{
  "nodes": {
    "bun2nix": {
      "inputs": {
        "flake-parts": [
          "llm-agents",
          "flake-parts"
        ],
        "nixpkgs": [
          "llm-agents",
          "nixpkgs"
        ],
        "systems": [
          "llm-agents",
          "systems"
        ],
        "treefmt-nix": [
          "llm-agents",
          "treefmt-nix"
        ]
      },
      "locked": {
        "lastModified": 1784665499,
        "narHash": "sha256-9BMxlTxCCDAeoNLtb1a/st7udtTIJep+wpUzquA29VU=",
        "owner": "nix-community",
        "repo": "bun2nix",
        "rev": "0f2a1f0b6f42cebe3b149bf62d38754c5e0e9729",
        "type": "github"
      },
      "original": {
        "owner": "nix-community",
        "repo": "bun2nix",
        "type": "github"
      }
    },
    "calepin": {
      "flake": false,
      "locked": {
        "lastModified": 1786668341,
        "narHash": "sha256-jMTojRCDBFohYzOZlNV2bZxIKInQ2wXIxOSHrd99eA4=",
        "ref": "refs/heads/main",
        "rev": "2ee55f852747792b6caedf8538dc1be2a513187c",
        "shallow": true,
        "type": "git",
        "url": "https://github.com/vincentarelbundock/calepin"
      },
      "original": {
        "shallow": true,
        "type": "git",
        "url": "https://github.com/vincentarelbundock/calepin"
      }
    },
    "flake-parts": {
      "inputs": {
        "nixpkgs-lib": [
          "llm-agents",
          "nixpkgs"
        ]
      },
      "locked": {
        "lastModified": 1785627969,
        "narHash": "sha256-4dtXQk/NMePegK/nWp5NSeuZKLATItOq61lpEvmXqGw=",
        "owner": "hercules-ci",
        "repo": "flake-parts",
        "rev": "427bf4bd9435fdf21321c8cc628c24efc14c0f7a",
        "type": "github"
      },
      "original": {
        "owner": "hercules-ci",
        "repo": "flake-parts",
        "type": "github"
      }
    },
    "llm-agents": {
      "inputs": {
        "bun2nix": "bun2nix",
        "flake-parts": "flake-parts",
        "nixpkgs": [
          "nixpkgs"
        ],
        "systems": "systems",
        "treefmt-nix": "treefmt-nix"
      },
      "locked": {
        "lastModified": 1786668465,
        "narHash": "sha256-i7fabxp+bUJZqv+CB2ahBCUuBiI6i52uf5Ut5XBHKCU=",
        "ref": "refs/heads/main",
        "rev": "abc98ac2e0d7e5e88073705fedbccf8b98a74a58",
        "shallow": true,
        "type": "git",
        "url": "https://github.com/numtide/llm-agents.nix"
      },
      "original": {
        "shallow": true,
        "type": "git",
        "url": "https://github.com/numtide/llm-agents.nix"
      }
    },
    "nimony": {
      "flake": false,
      "locked": {
        "lastModified": 1786635980,
        "narHash": "sha256-zYLUW11XIJr85LmFU5DPnper8BVwf17CCePhuo3XYc0=",
        "ref": "refs/heads/master",
        "rev": "ed4264f2f0d0b12965d8258e913d097784a13506",
        "shallow": true,
        "submodules": true,
        "type": "git",
        "url": "https://github.com/nim-lang/nimony"
      },
      "original": {
        "shallow": true,
        "submodules": true,
        "type": "git",
        "url": "https://github.com/nim-lang/nimony"
      }
    },
    "nixpkgs": {
      "locked": {
        "lastModified": 1786599213,
        "narHash": "sha256-yNJd40f11EzXBjSByCB7IPpeFFAdeoSKKM67dGkfFoU=",
        "ref": "nixos-unstable",
        "rev": "0e251e24a4f24e036a084b6b4b2d2491af4167f4",
        "shallow": true,
        "type": "git",
        "url": "https://github.com/NixOS/nixpkgs"
      },
      "original": {
        "ref": "nixos-unstable",
        "shallow": true,
        "type": "git",
        "url": "https://github.com/NixOS/nixpkgs"
      }
    },
    "pytest-language-server": {
      "flake": false,
      "locked": {
        "lastModified": 1786547651,
        "narHash": "sha256-+uhjql4wxNIKOcMS8OJLyMMMX4p73t0Yrh5Ql47RG1M=",
        "ref": "refs/heads/master",
        "rev": "2d467ce3d8d7a9ebade9147738513e73b074b4b0",
        "shallow": true,
        "type": "git",
        "url": "https://github.com/bellini666/pytest-language-server"
      },
      "original": {
        "shallow": true,
        "type": "git",
        "url": "https://github.com/bellini666/pytest-language-server"
      }
    },
    "root": {
      "inputs": {
        "calepin": "calepin",
        "llm-agents": "llm-agents",
        "nimony": "nimony",
        "nixpkgs": "nixpkgs",
        "pytest-language-server": "pytest-language-server",
        "sokol-tools-bin": "sokol-tools-bin"
      }
    },
    "sokol-tools-bin": {
      "flake": false,
      "locked": {
        "dir": "bin/linux",
        "lastModified": 1786285306,
        "narHash": "sha256-tYlwaY7RS8vR+dutMoKvE5bJFpMEdK1QVHK3wFjNGO8=",
        "ref": "refs/heads/master",
        "rev": "af9a893b745c9302114791cde57371b66af9aed6",
        "shallow": true,
        "type": "git",
        "url": "https://github.com/floooh/sokol-tools-bin"
      },
      "original": {
        "dir": "bin/linux",
        "shallow": true,
        "type": "git",
        "url": "https://github.com/floooh/sokol-tools-bin"
      }
    },
    "systems": {
      "locked": {
        "lastModified": 1681028828,
        "narHash": "sha256-Vy1rq5AaRuLzOxct8nz4T6wlgyUR7zLU309k9mBC768=",
        "owner": "nix-systems",
        "repo": "default",
        "rev": "da67096a3b9bf56a91d16901293e51ba5b49a27e",
        "type": "github"
      },
      "original": {
        "owner": "nix-systems",
        "repo": "default",
        "type": "github"
      }
    },
    "treefmt-nix": {
      "inputs": {
        "nixpkgs": [
          "llm-agents",
          "nixpkgs"
        ]
      },
      "locked": {
        "lastModified": 1785945821,
        "narHash": "sha256-NLSyTCW4K4ofhNBllt3omPasm6QpralXH1DBZOc91Dw=",
        "owner": "numtide",
        "repo": "treefmt-nix",
        "rev": "ae7910970dddc408fe6ab1c8e4b277bb21d72dc0",
        "type": "github"
      },
      "original": {
        "owner": "numtide",
        "repo": "treefmt-nix",
        "type": "github"
      }
    }
  },
  "root": "root",
  "version": 7
}
